
Microsoft Visual Studio Solution File, Format Version 12.00
# Visual Studio Version 17
VisualStudioVersion = 17.13.35825.156
MinimumVisualStudioVersion = 10.0.40219.1
Project("{FAE04EC0-301F-11D3-BF4B-00C04F79EFBC}") = "TestProject1 on selen", "TestProject1 on selen\TestProject1 on selen.csproj", "{4D03B2A5-BE8E-4870-98F8-24A3A660A951}"
EndProject
Project("{2150E333-8FDC-42A3-9474-1A3956D46DE8}") = "Solution Items", "Solution Items", "{02EA681E-C7D8-13C7-8484-4AC65E1B71E8}"
EndProject
Project("{FAE04EC0-301F-11D3-BF4B-00C04F79EFBC}") = "POMpractice", "POMpractice\POMpractice.csproj", "{1C769015-774C-46B6-847A-10EC648900AD}"
EndProject
Global
	GlobalSection(SolutionConfigurationPlatforms) = preSolution
		Debug|Any CPU = Debug|Any CPU
		Release|Any CPU = Release|Any CPU
	EndGlobalSection
	GlobalSection(ProjectConfigurationPlatforms) = postSolution
		{4D03B2A5-BE8E-4870-98F8-24A3A660A951}.Debug|Any CPU.ActiveCfg = Debug|Any CPU
		{4D03B2A5-BE8E-4870-98F8-24A3A660A951}.Debug|Any CPU.Build.0 = Debug|Any CPU
		{4D03B2A5-BE8E-4870-98F8-24A3A660A951}.Release|Any CPU.ActiveCfg = Release|Any CPU
		{4D03B2A5-BE8E-4870-98F8-24A3A660A951}.Release|Any CPU.Build.0 = Release|Any CPU
		{1C769015-774C-46B6-847A-10EC648900AD}.Debug|Any CPU.ActiveCfg = Debug|Any CPU
		{1C769015-774C-46B6-847A-10EC648900AD}.Debug|Any CPU.Build.0 = Debug|Any CPU
		{1C769015-774C-46B6-847A-10EC648900AD}.Release|Any CPU.ActiveCfg = Release|Any CPU
		{1C769015-774C-46B6-847A-10EC648900AD}.Release|Any CPU.Build.0 = Release|Any CPU
	EndGlobalSection
	GlobalSection(SolutionProperties) = preSolution
		HideSolutionNode = FALSE
	EndGlobalSection
	GlobalSection(NestedProjects) = preSolution
		{1C769015-774C-46B6-847A-10EC648900AD} = {02EA681E-C7D8-13C7-8484-4AC65E1B71E8}
	EndGlobalSection
	GlobalSection(ExtensibilityGlobals) = postSolution
		SolutionGuid = {CC3EE948-FB59-475F-AD05-03D2EA48C70A}
	EndGlobalSection
EndGlobal
